
Microsoft Visual Studio Solution File, Format Version 12.00
# Visual Studio 15
VisualStudioVersion = 15.0.26124.0
MinimumVisualStudioVersion = 15.0.26124.0
Project("{FAE04EC0-301F-11D3-BF4B-00C04F79EFBC}") = "PrimesApp.Library", "PrimesApp.Library\PrimesApp.Library.csproj", "{52E4C0C9-776D-4798-9C76-FF6720F08A3F}"
EndProject
Project("{FAE04EC0-301F-11D3-BF4B-00C04F79EFBC}") = "PrimesApp.Tests", "PrimesApp.Tests\PrimesApp.Tests.csproj", "{896B86BA-7806-4ED9-B409-8D945CA0D824}"
EndProject
Project("{FAE04EC0-301F-11D3-BF4B-00C04F79EFBC}") = "PrimesApp.Console", "PrimesApp.Console\PrimesApp.Console.csproj", "{A2D9B711-B012-4978-B372-6425D31ADC0F}"
EndProject
Global
	GlobalSection(SolutionConfigurationPlatforms) = preSolution
		Debug|Any CPU = Debug|Any CPU
		Debug|x64 = Debug|x64
		Debug|x86 = Debug|x86
		Release|Any CPU = Release|Any CPU
		Release|x64 = Release|x64
		Release|x86 = Release|x86
	EndGlobalSection
	GlobalSection(SolutionProperties) = preSolution
		HideSolutionNode = FALSE
	EndGlobalSection
	GlobalSection(ProjectConfigurationPlatforms) = postSolution
		{52E4C0C9-776D-4798-9C76-FF6720F08A3F}.Debug|Any CPU.ActiveCfg = Debug|Any CPU
		{52E4C0C9-776D-4798-9C76-FF6720F08A3F}.Debug|Any CPU.Build.0 = Debug|Any CPU
		{52E4C0C9-776D-4798-9C76-FF6720F08A3F}.Debug|x64.ActiveCfg = Debug|x64
		{52E4C0C9-776D-4798-9C76-FF6720F08A3F}.Debug|x64.Build.0 = Debug|x64
		{52E4C0C9-776D-4798-9C76-FF6720F08A3F}.Debug|x86.ActiveCfg = Debug|x86
		{52E4C0C9-776D-4798-9C76-FF6720F08A3F}.Debug|x86.Build.0 = Debug|x86
		{52E4C0C9-776D-4798-9C76-FF6720F08A3F}.Release|Any CPU.ActiveCfg = Release|Any CPU
		{52E4C0C9-776D-4798-9C76-FF6720F08A3F}.Release|Any CPU.Build.0 = Release|Any CPU
		{52E4C0C9-776D-4798-9C76-FF6720F08A3F}.Release|x64.ActiveCfg = Release|x64
		{52E4C0C9-776D-4798-9C76-FF6720F08A3F}.Release|x64.Build.0 = Release|x64
		{52E4C0C9-776D-4798-9C76-FF6720F08A3F}.Release|x86.ActiveCfg = Release|x86
		{52E4C0C9-776D-4798-9C76-FF6720F08A3F}.Release|x86.Build.0 = Release|x86
		{896B86BA-7806-4ED9-B409-8D945CA0D824}.Debug|Any CPU.ActiveCfg = Debug|Any CPU
		{896B86BA-7806-4ED9-B409-8D945CA0D824}.Debug|Any CPU.Build.0 = Debug|Any CPU
		{896B86BA-7806-4ED9-B409-8D945CA0D824}.Debug|x64.ActiveCfg = Debug|x64
		{896B86BA-7806-4ED9-B409-8D945CA0D824}.Debug|x64.Build.0 = Debug|x64
		{896B86BA-7806-4ED9-B409-8D945CA0D824}.Debug|x86.ActiveCfg = Debug|x86
		{896B86BA-7806-4ED9-B409-8D945CA0D824}.Debug|x86.Build.0 = Debug|x86
		{896B86BA-7806-4ED9-B409-8D945CA0D824}.Release|Any CPU.ActiveCfg = Release|Any CPU
		{896B86BA-7806-4ED9-B409-8D945CA0D824}.Release|Any CPU.Build.0 = Release|Any CPU
		{896B86BA-7806-4ED9-B409-8D945CA0D824}.Release|x64.ActiveCfg = Release|x64
		{896B86BA-7806-4ED9-B409-8D945CA0D824}.Release|x64.Build.0 = Release|x64
		{896B86BA-7806-4ED9-B409-8D945CA0D824}.Release|x86.ActiveCfg = Release|x86
		{896B86BA-7806-4ED9-B409-8D945CA0D824}.Release|x86.Build.0 = Release|x86
		{A2D9B711-B012-4978-B372-6425D31ADC0F}.Debug|Any CPU.ActiveCfg = Debug|Any CPU
		{A2D9B711-B012-4978-B372-6425D31ADC0F}.Debug|Any CPU.Build.0 = Debug|Any CPU
		{A2D9B711-B012-4978-B372-6425D31ADC0F}.Debug|x64.ActiveCfg = Debug|x64
		{A2D9B711-B012-4978-B372-6425D31ADC0F}.Debug|x64.Build.0 = Debug|x64
		{A2D9B711-B012-4978-B372-6425D31ADC0F}.Debug|x86.ActiveCfg = Debug|x86
		{A2D9B711-B012-4978-B372-6425D31ADC0F}.Debug|x86.Build.0 = Debug|x86
		{A2D9B711-B012-4978-B372-6425D31ADC0F}.Release|Any CPU.ActiveCfg = Release|Any CPU
		{A2D9B711-B012-4978-B372-6425D31ADC0F}.Release|Any CPU.Build.0 = Release|Any CPU
		{A2D9B711-B012-4978-B372-6425D31ADC0F}.Release|x64.ActiveCfg = Release|x64
		{A2D9B711-B012-4978-B372-6425D31ADC0F}.Release|x64.Build.0 = Release|x64
		{A2D9B711-B012-4978-B372-6425D31ADC0F}.Release|x86.ActiveCfg = Release|x86
		{A2D9B711-B012-4978-B372-6425D31ADC0F}.Release|x86.Build.0 = Release|x86
	EndGlobalSection
EndGlobal
